// !$*UTF8*$!
{
	archiveVersion = 1;
	classes = {
	};
	objectVersion = 50;
	objects = {

/* Begin PBXBuildFile section */
		88E08E9327D64F6400EEE45C /* AppDelegate.swift in Sources */ = {isa = PBXBuildFile; fileRef = 88E08E9227D64F6400EEE45C /* AppDelegate.swift */; };
		88E08E9527D64F6400EEE45C /* SceneDelegate.swift in Sources */ = {isa = PBXBuildFile; fileRef = 88E08E9427D64F6400EEE45C /* SceneDelegate.swift */; };
		88E08E9A27D64F6400EEE45C /* Main.storyboard in Resources */ = {isa = PBXBuildFile; fileRef = 88E08E9827D64F6400EEE45C /* Main.storyboard */; };
		88E08E9C27D64F6500EEE45C /* Assets.xcassets in Resources */ = {isa = PBXBuildFile; fileRef = 88E08E9B27D64F6500EEE45C /* Assets.xcassets */; };
		88E08E9F27D64F6500EEE45C /* LaunchScreen.storyboard in Resources */ = {isa = PBXBuildFile; fileRef = 88E08E9D27D64F6500EEE45C /* LaunchScreen.storyboard */; };
		88E08EA927D6626900EEE45C /* WeatherPageViewController.swift in Sources */ = {isa = PBXBuildFile; fileRef = 88E08EA827D6626900EEE45C /* WeatherPageViewController.swift */; };
		88E08EAD27D664F000EEE45C /* DailyWeatherViewController.swift in Sources */ = {isa = PBXBuildFile; fileRef = 88E08EAC27D664F000EEE45C /* DailyWeatherViewController.swift */; };
		88E08EB327D6659C00EEE45C /* WeeklyViewController.swift in Sources */ = {isa = PBXBuildFile; fileRef = 88E08EB227D6659C00EEE45C /* WeeklyViewController.swift */; };
		88E08EB627D665F700EEE45C /* DailyWeatherTableViewCell.swift in Sources */ = {isa = PBXBuildFile; fileRef = 88E08EB527D665F700EEE45C /* DailyWeatherTableViewCell.swift */; };
		88E08EBB27D6661A00EEE45C /* Weather.swift in Sources */ = {isa = PBXBuildFile; fileRef = 88E08EBA27D6661A00EEE45C /* Weather.swift */; };
		88E08EBF27D6662900EEE45C /* WeatherDescription.swift in Sources */ = {isa = PBXBuildFile; fileRef = 88E08EBE27D6662900EEE45C /* WeatherDescription.swift */; };
		88E08EC227D6663600EEE45C /* DailyWeather.swift in Sources */ = {isa = PBXBuildFile; fileRef = 88E08EC127D6663600EEE45C /* DailyWeather.swift */; };
		88E08EC727D6667F00EEE45C /* WeatherProvider.swift in Sources */ = {isa = PBXBuildFile; fileRef = 88E08EC627D6667F00EEE45C /* WeatherProvider.swift */; };
		88E08ECB27D6668B00EEE45C /* DateConfiguration.swift in Sources */ = {isa = PBXBuildFile; fileRef = 88E08ECA27D6668B00EEE45C /* DateConfiguration.swift */; };
		88E08ECF27D666CD00EEE45C /* UIView+Ext.swift in Sources */ = {isa = PBXBuildFile; fileRef = 88E08ECE27D666CD00EEE45C /* UIView+Ext.swift */; };
		88E08EE727D6692900EEE45C /* URL+Ext.swift in Sources */ = {isa = PBXBuildFile; fileRef = 88E08EE627D6692900EEE45C /* URL+Ext.swift */; };
/* End PBXBuildFile section */

/* Begin PBXFileReference section */
		88E08E8F27D64F6400EEE45C /* Hava Durumu.app */ = {isa = PBXFileReference; explicitFileType = wrapper.application; includeInIndex = 0; path = "Hava Durumu.app"; sourceTree = BUILT_PRODUCTS_DIR; };
		88E08E9227D64F6400EEE45C /* AppDelegate.swift */ = {isa = PBXFileReference; lastKnownFileType = sourcecode.swift; path = AppDelegate.swift; sourceTree = "<group>"; };
		88E08E9427D64F6400EEE45C /* SceneDelegate.swift */ = {isa = PBXFileReference; lastKnownFileType = sourcecode.swift; path = SceneDelegate.swift; sourceTree = "<group>"; };
		88E08E9927D64F6400EEE45C /* Base */ = {isa = PBXFileReference; lastKnownFileType = file.storyboard; name = Base; path = Base.lproj/Main.storyboard; sourceTree = "<group>"; };
		88E08E9B27D64F6500EEE45C /* Assets.xcassets */ = {isa = PBXFileReference; lastKnownFileType = folder.assetcatalog; path = Assets.xcassets; sourceTree = "<group>"; };
		88E08E9E27D64F6500EEE45C /* Base */ = {isa = PBXFileReference; lastKnownFileType = file.storyboard; name = Base; path = Base.lproj/LaunchScreen.storyboard; sourceTree = "<group>"; };
		88E08EA027D64F6500EEE45C /* Info.plist */ = {isa = PBXFileReference; lastKnownFileType = text.plist.xml; path = Info.plist; sourceTree = "<group>"; };
		88E08EA827D6626900EEE45C /* WeatherPageViewController.swift */ = {isa = PBXFileReference; lastKnownFileType = sourcecode.swift; path = WeatherPageViewController.swift; sourceTree = "<group>"; };
		88E08EAC27D664F000EEE45C /* DailyWeatherViewController.swift */ = {isa = PBXFileReference; lastKnownFileType = sourcecode.swift; path = DailyWeatherViewController.swift; sourceTree = "<group>"; };
		88E08EB227D6659C00EEE45C /* WeeklyViewController.swift */ = {isa = PBXFileReference; lastKnownFileType = sourcecode.swift; path = WeeklyViewController.swift; sourceTree = "<group>"; };
		88E08EB527D665F700EEE45C /* DailyWeatherTableViewCell.swift */ = {isa = PBXFileReference; lastKnownFileType = sourcecode.swift; path = DailyWeatherTableViewCell.swift; sourceTree = "<group>"; };
		88E08EBA27D6661A00EEE45C /* Weather.swift */ = {isa = PBXFileReference; lastKnownFileType = sourcecode.swift; path = Weather.swift; sourceTree = "<group>"; };
		88E08EBE27D6662900EEE45C /* WeatherDescription.swift */ = {isa = PBXFileReference; lastKnownFileType = sourcecode.swift; path = WeatherDescription.swift; sourceTree = "<group>"; };
		88E08EC127D6663600EEE45C /* DailyWeather.swift */ = {isa = PBXFileReference; lastKnownFileType = sourcecode.swift; path = DailyWeather.swift; sourceTree = "<group>"; };
		88E08EC627D6667F00EEE45C /* WeatherProvider.swift */ = {isa = PBXFileReference; lastKnownFileType = sourcecode.swift; path = WeatherProvider.swift; sourceTree = "<group>"; };
		88E08ECA27D6668B00EEE45C /* DateConfiguration.swift */ = {isa = PBXFileReference; lastKnownFileType = sourcecode.swift; path = DateConfiguration.swift; sourceTree = "<group>"; };
		88E08ECE27D666CD00EEE45C /* UIView+Ext.swift */ = {isa = PBXFileReference; lastKnownFileType = sourcecode.swift; path = "UIView+Ext.swift"; sourceTree = "<group>"; };
		88E08EE627D6692900EEE45C /* URL+Ext.swift */ = {isa = PBXFileReference; lastKnownFileType = sourcecode.swift; path = "URL+Ext.swift"; sourceTree = "<group>"; };
/* End PBXFileReference section */

/* Begin PBXFrameworksBuildPhase section */
		88E08E8C27D64F6400EEE45C /* Frameworks */ = {
			isa = PBXFrameworksBuildPhase;
			buildActionMask = 2147483647;
			files = (
			);
			runOnlyForDeploymentPostprocessing = 0;
		};
/* End PBXFrameworksBuildPhase section */

/* Begin PBXGroup section */
		88E08E8627D64F6400EEE45C = {
			isa = PBXGroup;
			children = (
				88E08E9127D64F6400EEE45C /* Hava Durumu */,
				88E08E9027D64F6400EEE45C /* Products */,
			);
			sourceTree = "<group>";
		};
		88E08E9027D64F6400EEE45C /* Products */ = {
			isa = PBXGroup;
			children = (
				88E08E8F27D64F6400EEE45C /* Hava Durumu.app */,
			);
			name = Products;
			sourceTree = "<group>";
		};
		88E08E9127D64F6400EEE45C /* Hava Durumu */ = {
			isa = PBXGroup;
			children = (
				88E08EAF27D6653800EEE45C /* Storyboards */,
				88E08EB027D6655B00EEE45C /* Controlers */,
				88E08EB927D665FE00EEE45C /* Views */,
				88E08EC427D6663C00EEE45C /* Models */,
				88E08EDE27D6683B00EEE45C /* Utilities */,
				88E08ECD27D6669A00EEE45C /* Helpers */,
				88E08EDA27D667E900EEE45C /* Resources */,
				88E08EDB27D667F600EEE45C /* Extensions */,
			);
			path = "Hava Durumu";
			sourceTree = "<group>";
		};
		88E08EAF27D6653800EEE45C /* Storyboards */ = {
			isa = PBXGroup;
			children = (
				88E08E9827D64F6400EEE45C /* Main.storyboard */,
				88E08E9D27D64F6500EEE45C /* LaunchScreen.storyboard */,
			);
			path = Storyboards;
			sourceTree = "<group>";
		};
		88E08EB027D6655B00EEE45C /* Controlers */ = {
			isa = PBXGroup;
			children = (
				88E08EA827D6626900EEE45C /* WeatherPageViewController.swift */,
				88E08EAC27D664F000EEE45C /* DailyWeatherViewController.swift */,
				88E08EB227D6659C00EEE45C /* WeeklyViewController.swift */,
			);
			path = Controlers;
			sourceTree = "<group>";
		};
		88E08EB927D665FE00EEE45C /* Views */ = {
			isa = PBXGroup;
			children = (
				88E08EB527D665F700EEE45C /* DailyWeatherTableViewCell.swift */,
			);
			path = Views;
			sourceTree = "<group>";
		};
		88E08EC427D6663C00EEE45C /* Models */ = {
			isa = PBXGroup;
			children = (
				88E08EBA27D6661A00EEE45C /* Weather.swift */,
				88E08EBE27D6662900EEE45C /* WeatherDescription.swift */,
				88E08EC127D6663600EEE45C /* DailyWeather.swift */,
			);
			path = Models;
			sourceTree = "<group>";
		};
		88E08ECD27D6669A00EEE45C /* Helpers */ = {
			isa = PBXGroup;
			children = (
				88E08EC627D6667F00EEE45C /* WeatherProvider.swift */,
				88E08ECA27D6668B00EEE45C /* DateConfiguration.swift */,
			);
			path = Helpers;
			sourceTree = "<group>";
		};
		88E08EDA27D667E900EEE45C /* Resources */ = {
			isa = PBXGroup;
			children = (
				88E08E9B27D64F6500EEE45C /* Assets.xcassets */,
				88E08EA027D64F6500EEE45C /* Info.plist */,
			);
			path = Resources;
			sourceTree = "<group>";
		};
		88E08EDB27D667F600EEE45C /* Extensions */ = {
			isa = PBXGroup;
			children = (
				88E08EE627D6692900EEE45C /* URL+Ext.swift */,
				88E08ECE27D666CD00EEE45C /* UIView+Ext.swift */,
			);
			path = Extensions;
			sourceTree = "<group>";
		};
		88E08EDE27D6683B00EEE45C /* Utilities */ = {
			isa = PBXGroup;
			children = (
				88E08E9227D64F6400EEE45C /* AppDelegate.swift */,
				88E08E9427D64F6400EEE45C /* SceneDelegate.swift */,
			);
			path = Utilities;
			sourceTree = "<group>";
		};
/* End PBXGroup section */

/* Begin PBXNativeTarget section */
		88E08E8E27D64F6400EEE45C /* Hava Durumu */ = {
			isa = PBXNativeTarget;
			buildConfigurationList = 88E08EA327D64F6500EEE45C /* Build configuration list for PBXNativeTarget "Hava Durumu" */;
			buildPhases = (
				88E08E8B27D64F6400EEE45C /* Sources */,
				88E08E8C27D64F6400EEE45C /* Frameworks */,
				88E08E8D27D64F6400EEE45C /* Resources */,
			);
			buildRules = (
			);
			dependencies = (
			);
			name = "Hava Durumu";
			productName = "Hava Durumu";
			productReference = 88E08E8F27D64F6400EEE45C /* Hava Durumu.app */;
			productType = "com.apple.product-type.application";
		};
/* End PBXNativeTarget section */

/* Begin PBXProject section */
		88E08E8727D64F6400EEE45C /* Project object */ = {
			isa = PBXProject;
			attributes = {
				LastSwiftUpdateCheck = 1230;
				LastUpgradeCheck = 1230;
				TargetAttributes = {
					88E08E8E27D64F6400EEE45C = {
						CreatedOnToolsVersion = 12.3;
					};
				};
			};
			buildConfigurationList = 88E08E8A27D64F6400EEE45C /* Build configuration list for PBXProject "Hava Durumu" */;
			compatibilityVersion = "Xcode 9.3";
			developmentRegion = en;
			hasScannedForEncodings = 0;
			knownRegions = (
				en,
				Base,
			);
			mainGroup = 88E08E8627D64F6400EEE45C;
			productRefGroup = 88E08E9027D64F6400EEE45C /* Products */;
			projectDirPath = "";
			projectRoot = "";
			targets = (
				88E08E8E27D64F6400EEE45C /* Hava Durumu */,
			);
		};
/* End PBXProject section */

/* Begin PBXResourcesBuildPhase section */
		88E08E8D27D64F6400EEE45C /* Resources */ = {
			isa = PBXResourcesBuildPhase;
			buildActionMask = 2147483647;
			files = (
				88E08E9F27D64F6500EEE45C /* LaunchScreen.storyboard in Resources */,
				88E08E9C27D64F6500EEE45C /* Assets.xcassets in Resources */,
				88E08E9A27D64F6400EEE45C /* Main.storyboard in Resources */,
			);
			runOnlyForDeploymentPostprocessing = 0;
		};
/* End PBXResourcesBuildPhase section */

/* Begin PBXSourcesBuildPhase section */
		88E08E8B27D64F6400EEE45C /* Sources */ = {
			isa = PBXSourcesBuildPhase;
			buildActionMask = 2147483647;
			files = (
				88E08EC227D6663600EEE45C /* DailyWeather.swift in Sources */,
				88E08EBB27D6661A00EEE45C /* Weather.swift in Sources */,
				88E08EC727D6667F00EEE45C /* WeatherProvider.swift in Sources */,
				88E08EB627D665F700EEE45C /* DailyWeatherTableViewCell.swift in Sources */,
				88E08E9327D64F6400EEE45C /* AppDelegate.swift in Sources */,
				88E08EAD27D664F000EEE45C /* DailyWeatherViewController.swift in Sources */,
				88E08EBF27D6662900EEE45C /* WeatherDescription.swift in Sources */,
				88E08ECB27D6668B00EEE45C /* DateConfiguration.swift in Sources */,
				88E08ECF27D666CD00EEE45C /* UIView+Ext.swift in Sources */,
				88E08EB327D6659C00EEE45C /* WeeklyViewController.swift in Sources */,
				88E08EE727D6692900EEE45C /* URL+Ext.swift in Sources */,
				88E08EA927D6626900EEE45C /* WeatherPageViewController.swift in Sources */,
				88E08E9527D64F6400EEE45C /* SceneDelegate.swift in Sources */,
			);
			runOnlyForDeploymentPostprocessing = 0;
		};
/* End PBXSourcesBuildPhase section */

/* Begin PBXVariantGroup section */
		88E08E9827D64F6400EEE45C /* Main.storyboard */ = {
			isa = PBXVariantGroup;
			children = (
				88E08E9927D64F6400EEE45C /* Base */,
			);
			name = Main.storyboard;
			sourceTree = "<group>";
		};
		88E08E9D27D64F6500EEE45C /* LaunchScreen.storyboard */ = {
			isa = PBXVariantGroup;
			children = (
				88E08E9E27D64F6500EEE45C /* Base */,
			);
			name = LaunchScreen.storyboard;
			sourceTree = "<group>";
		};
/* End PBXVariantGroup section */

/* Begin XCBuildConfiguration section */
		88E08EA127D64F6500EEE45C /* Debug */ = {
			isa = XCBuildConfiguration;
			buildSettings = {
				ALWAYS_SEARCH_USER_PATHS = NO;
				CLANG_ANALYZER_NONNULL = YES;
				CLANG_ANALYZER_NUMBER_OBJECT_CONVERSION = YES_AGGRESSIVE;
				CLANG_CXX_LANGUAGE_STANDARD = "gnu++14";
				CLANG_CXX_LIBRARY = "libc++";
				CLANG_ENABLE_MODULES = YES;
				CLANG_ENABLE_OBJC_ARC = YES;
				CLANG_ENABLE_OBJC_WEAK = YES;
				CLANG_WARN_BLOCK_CAPTURE_AUTORELEASING = YES;
				CLANG_WARN_BOOL_CONVERSION = YES;
				CLANG_WARN_COMMA = YES;
				CLANG_WARN_CONSTANT_CONVERSION = YES;
				CLANG_WARN_DEPRECATED_OBJC_IMPLEMENTATIONS = YES;
				CLANG_WARN_DIRECT_OBJC_ISA_USAGE = YES_ERROR;
				CLANG_WARN_DOCUMENTATION_COMMENTS = YES;
				CLANG_WARN_EMPTY_BODY = YES;
				CLANG_WARN_ENUM_CONVERSION = YES;
				CLANG_WARN_INFINITE_RECURSION = YES;
				CLANG_WARN_INT_CONVERSION = YES;
				CLANG_WARN_NON_LITERAL_NULL_CONVERSION = YES;
				CLANG_WARN_OBJC_IMPLICIT_RETAIN_SELF = YES;
				CLANG_WARN_OBJC_LITERAL_CONVERSION = YES;
				CLANG_WARN_OBJC_ROOT_CLASS = YES_ERROR;
				CLANG_WARN_QUOTED_INCLUDE_IN_FRAMEWORK_HEADER = YES;
				CLANG_WARN_RANGE_LOOP_ANALYSIS = YES;
				CLANG_WARN_STRICT_PROTOTYPES = YES;
				CLANG_WARN_SUSPICIOUS_MOVE = YES;
				CLANG_WARN_UNGUARDED_AVAILABILITY = YES_AGGRESSIVE;
				CLANG_WARN_UNREACHABLE_CODE = YES;
				CLANG_WARN__DUPLICATE_METHOD_MATCH = YES;
				COPY_PHASE_STRIP = NO;
				DEBUG_INFORMATION_FORMAT = dwarf;
				ENABLE_STRICT_OBJC_MSGSEND = YES;
				ENABLE_TESTABILITY = YES;
				GCC_C_LANGUAGE_STANDARD = gnu11;
				GCC_DYNAMIC_NO_PIC = NO;
				GCC_NO_COMMON_BLOCKS = YES;
				GCC_OPTIMIZATION_LEVEL = 0;
				GCC_PREPROCESSOR_DEFINITIONS = (
					"DEBUG=1",
					"$(inherited)",
				);
				GCC_WARN_64_TO_32_BIT_CONVERSION = YES;
				GCC_WARN_ABOUT_RETURN_TYPE = YES_ERROR;
				GCC_WARN_UNDECLARED_SELECTOR = YES;
				GCC_WARN_UNINITIALIZED_AUTOS = YES_AGGRESSIVE;
				GCC_WARN_UNUSED_FUNCTION = YES;
				GCC_WARN_UNUSED_VARIABLE = YES;
				IPHONEOS_DEPLOYMENT_TARGET = 14.3;
				MTL_ENABLE_DEBUG_INFO = INCLUDE_SOURCE;
				MTL_FAST_MATH = YES;
				ONLY_ACTIVE_ARCH = YES;
				SDKROOT = iphoneos;
				SWIFT_ACTIVE_COMPILATION_CONDITIONS = DEBUG;
				SWIFT_OPTIMIZATION_LEVEL = "-Onone";
			};
			name = Debug;
		};
		88E08EA227D64F6500EEE45C /* Release */ = {
			isa = XCBuildConfiguration;
			buildSettings = {
				ALWAYS_SEARCH_USER_PATHS = NO;
				CLANG_ANALYZER_NONNULL = YES;
				CLANG_ANALYZER_NUMBER_OBJECT_CONVERSION = YES_AGGRESSIVE;
				CLANG_CXX_LANGUAGE_STANDARD = "gnu++14";
				CLANG_CXX_LIBRARY = "libc++";
				CLANG_ENABLE_MODULES = YES;
				CLANG_ENABLE_OBJC_ARC = YES;
				CLANG_ENABLE_OBJC_WEAK = YES;
				CLANG_WARN_BLOCK_CAPTURE_AUTORELEASING = YES;
				CLANG_WARN_BOOL_CONVERSION = YES;
				CLANG_WARN_COMMA = YES;
				CLANG_WARN_CONSTANT_CONVERSION = YES;
				CLANG_WARN_DEPRECATED_OBJC_IMPLEMENTATIONS = YES;
				CLANG_WARN_DIRECT_OBJC_ISA_USAGE = YES_ERROR;
				CLANG_WARN_DOCUMENTATION_COMMENTS = YES;
				CLANG_WARN_EMPTY_BODY = YES;
				CLANG_WARN_ENUM_CONVERSION = YES;
				CLANG_WARN_INFINITE_RECURSION = YES;
				CLANG_WARN_INT_CONVERSION = YES;
				CLANG_WARN_NON_LITERAL_NULL_CONVERSION = YES;
				CLANG_WARN_OBJC_IMPLICIT_RETAIN_SELF = YES;
				CLANG_WARN_OBJC_LITERAL_CONVERSION = YES;
				CLANG_WARN_OBJC_ROOT_CLASS = YES_ERROR;
				CLANG_WARN_QUOTED_INCLUDE_IN_FRAMEWORK_HEADER = YES;
				CLANG_WARN_RANGE_LOOP_ANALYSIS = YES;
				CLANG_WARN_STRICT_PROTOTYPES = YES;
				CLANG_WARN_SUSPICIOUS_MOVE = YES;
				CLANG_WARN_UNGUARDED_AVAILABILITY = YES_AGGRESSIVE;
				CLANG_WARN_UNREACHABLE_CODE = YES;
				CLANG_WARN__DUPLICATE_METHOD_MATCH = YES;
				COPY_PHASE_STRIP = NO;
				DEBUG_INFORMATION_FORMAT = "dwarf-with-dsym";
				ENABLE_NS_ASSERTIONS = NO;
				ENABLE_STRICT_OBJC_MSGSEND = YES;
				GCC_C_LANGUAGE_STANDARD = gnu11;
				GCC_NO_COMMON_BLOCKS = YES;
				GCC_WARN_64_TO_32_BIT_CONVERSION = YES;
				GCC_WARN_ABOUT_RETURN_TYPE = YES_ERROR;
				GCC_WARN_UNDECLARED_SELECTOR = YES;
				GCC_WARN_UNINITIALIZED_AUTOS = YES_AGGRESSIVE;
				GCC_WARN_UNUSED_FUNCTION = YES;
				GCC_WARN_UNUSED_VARIABLE = YES;
				IPHONEOS_DEPLOYMENT_TARGET = 14.3;
				MTL_ENABLE_DEBUG_INFO = NO;
				MTL_FAST_MATH = YES;
				SDKROOT = iphoneos;
				SWIFT_COMPILATION_MODE = wholemodule;
				SWIFT_OPTIMIZATION_LEVEL = "-O";
				VALIDATE_PRODUCT = YES;
			};
			name = Release;
		};
		88E08EA427D64F6500EEE45C /* Debug */ = {
			isa = XCBuildConfiguration;
			buildSettings = {
				ASSETCATALOG_COMPILER_APPICON_NAME = AppIcon;
				ASSETCATALOG_COMPILER_GLOBAL_ACCENT_COLOR_NAME = AccentColor;
				CODE_SIGN_STYLE = Automatic;
				DEVELOPMENT_TEAM = P858L38B8A;
				INFOPLIST_FILE = "Hava Durumu/Info.plist";
				LD_RUNPATH_SEARCH_PATHS = (
					"$(inherited)",
					"@executable_path/Frameworks",
				);
				PRODUCT_BUNDLE_IDENTIFIER = "mat.Hava-Durumu";
				PRODUCT_NAME = "$(TARGET_NAME)";
				SWIFT_VERSION = 5.0;
				TARGETED_DEVICE_FAMILY = "1,2";
			};
			name = Debug;
		};
		88E08EA527D64F6500EEE45C /* Release */ = {
			isa = XCBuildConfiguration;
			buildSettings = {
				ASSETCATALOG_COMPILER_APPICON_NAME = AppIcon;
				ASSETCATALOG_COMPILER_GLOBAL_ACCENT_COLOR_NAME = AccentColor;
				CODE_SIGN_STYLE = Automatic;
				DEVELOPMENT_TEAM = P858L38B8A;
				INFOPLIST_FILE = "Hava Durumu/Info.plist";
				LD_RUNPATH_SEARCH_PATHS = (
					"$(inherited)",
					"@executable_path/Frameworks",
				);
				PRODUCT_BUNDLE_IDENTIFIER = "mat.Hava-Durumu";
				PRODUCT_NAME = "$(TARGET_NAME)";
				SWIFT_VERSION = 5.0;
				TARGETED_DEVICE_FAMILY = "1,2";
			};
			name = Release;
		};
/* End XCBuildConfiguration section */

/* Begin XCConfigurationList section */
		88E08E8A27D64F6400EEE45C /* Build configuration list for PBXProject "Hava Durumu" */ = {
			isa = XCConfigurationList;
			buildConfigurations = (
				88E08EA127D64F6500EEE45C /* Debug */,
				88E08EA227D64F6500EEE45C /* Release */,
			);
			defaultConfigurationIsVisible = 0;
			defaultConfigurationName = Release;
		};
		88E08EA327D64F6500EEE45C /* Build configuration list for PBXNativeTarget "Hava Durumu" */ = {
			isa = XCConfigurationList;
			buildConfigurations = (
				88E08EA427D64F6500EEE45C /* Debug */,
				88E08EA527D64F6500EEE45C /* Release */,
			);
			defaultConfigurationIsVisible = 0;
			defaultConfigurationName = Release;
		};
/* End XCConfigurationList section */
	};
	rootObject = 88E08E8727D64F6400EEE45C /* Project object */;
}
